
Microsoft Visual Studio Solution File, Format Version 12.00
# Visual Studio 15
VisualStudioVersion = 15.0.28307.572
MinimumVisualStudioVersion = 10.0.40219.1
Project("{9A19103F-16F7-4668-BE54-9A1E7A4F7556}") = "SeeTestCloudAPI", "SeeTestCloudAPI\SeeTestCloudAPI.csproj", "{BCF10C44-41CC-426E-9C78-D3AAE29A554C}"
EndProject
Global
	GlobalSection(SolutionConfigurationPlatforms) = preSolution
		Release|Any CPU = Release|Any CPU
	EndGlobalSection
	GlobalSection(ProjectConfigurationPlatforms) = postSolution
		{BCF10C44-41CC-426E-9C78-D3AAE29A554C}.Release|Any CPU.ActiveCfg = Release|Any CPU
		{BCF10C44-41CC-426E-9C78-D3AAE29A554C}.Release|Any CPU.Build.0 = Release|Any CPU
	EndGlobalSection
	GlobalSection(SolutionProperties) = preSolution
		HideSolutionNode = FALSE
	EndGlobalSection
	GlobalSection(ExtensibilityGlobals) = postSolution
		SolutionGuid = {83708E54-D7E6-4A62-A7C2-E4D9BDB36BF0}
	EndGlobalSection
EndGlobal
